
Microsoft Visual Studio Solution File, Format Version 12.00
# Visual Studio 14
VisualStudioVersion = 14.0.25420.1
MinimumVisualStudioVersion = 10.0.40219.1
Project("{FAE04EC0-301F-11D3-BF4B-00C04F79EFBC}") = "MyWeatherV2", "MyWeatherV2\MyWeatherV2\MyWeatherV2.csproj", "{4ADB44E6-E0AF-476A-8FD5-6D783755A0BA}"
EndProject
Project("{FAE04EC0-301F-11D3-BF4B-00C04F79EFBC}") = "MyWeatherV2.Droid", "MyWeatherV2\MyWeatherV2.Droid\MyWeatherV2.Droid.csproj", "{AE6A96CD-F5F6-438A-99A6-19DB927A1705}"
EndProject
Project("{FAE04EC0-301F-11D3-BF4B-00C04F79EFBC}") = "MyWeatherV2.iOS", "MyWeatherV2\MyWeatherV2.iOS\MyWeatherV2.iOS.csproj", "{9D73AF16-3BA8-4734-9226-4ECEE62E4F82}"
EndProject
Project("{FAE04EC0-301F-11D3-BF4B-00C04F79EFBC}") = "MyWeatherV2.WinPhone", "MyWeatherV2\MyWeatherV2.WinPhone\MyWeatherV2.WinPhone.csproj", "{953FB839-805D-4F20-B016-32363EB59BA2}"
EndProject
Project("{FAE04EC0-301F-11D3-BF4B-00C04F79EFBC}") = "MyWeatherV2.UWP", "MyWeatherV2\MyWeatherV2.UWP\MyWeatherV2.UWP.csproj", "{68F16080-4C89-49E5-9AB0-D034776F9166}"
EndProject
Project("{FAE04EC0-301F-11D3-BF4B-00C04F79EFBC}") = "MyWeatherV2.Windows", "MyWeatherV2\MyWeatherV2.Windows\MyWeatherV2.Windows.csproj", "{23A975A6-E33B-4E40-BC0D-1D333EF9EBB8}"
EndProject
Global
	GlobalSection(SolutionConfigurationPlatforms) = preSolution
		Ad-Hoc|Any CPU = Ad-Hoc|Any CPU
		Ad-Hoc|ARM = Ad-Hoc|ARM
		Ad-Hoc|iPhone = Ad-Hoc|iPhone
		Ad-Hoc|iPhoneSimulator = Ad-Hoc|iPhoneSimulator
		Ad-Hoc|x64 = Ad-Hoc|x64
		Ad-Hoc|x86 = Ad-Hoc|x86
		AppStore|Any CPU = AppStore|Any CPU
		AppStore|ARM = AppStore|ARM
		AppStore|iPhone = AppStore|iPhone
		AppStore|iPhoneSimulator = AppStore|iPhoneSimulator
		AppStore|x64 = AppStore|x64
		AppStore|x86 = AppStore|x86
		Debug|Any CPU = Debug|Any CPU
		Debug|ARM = Debug|ARM
		Debug|iPhone = Debug|iPhone
		Debug|iPhoneSimulator = Debug|iPhoneSimulator
		Debug|x64 = Debug|x64
		Debug|x86 = Debug|x86
		Release|Any CPU = Release|Any CPU
		Release|ARM = Release|ARM
		Release|iPhone = Release|iPhone
		Release|iPhoneSimulator = Release|iPhoneSimulator
		Release|x64 = Release|x64
		Release|x86 = Release|x86
	EndGlobalSection
	GlobalSection(ProjectConfigurationPlatforms) = postSolution
		{4ADB44E6-E0AF-476A-8FD5-6D783755A0BA}.Ad-Hoc|Any CPU.ActiveCfg = Release|Any CPU
		{4ADB44E6-E0AF-476A-8FD5-6D783755A0BA}.Ad-Hoc|Any CPU.Build.0 = Release|Any CPU
		{4ADB44E6-E0AF-476A-8FD5-6D783755A0BA}.Ad-Hoc|ARM.ActiveCfg = Release|Any CPU
		{4ADB44E6-E0AF-476A-8FD5-6D783755A0BA}.Ad-Hoc|ARM.Build.0 = Release|Any CPU
		{4ADB44E6-E0AF-476A-8FD5-6D783755A0BA}.Ad-Hoc|iPhone.ActiveCfg = Release|Any CPU
		{4ADB44E6-E0AF-476A-8FD5-6D783755A0BA}.Ad-Hoc|iPhone.Build.0 = Release|Any CPU
		{4ADB44E6-E0AF-476A-8FD5-6D783755A0BA}.Ad-Hoc|iPhoneSimulator.ActiveCfg = Release|Any CPU
		{4ADB44E6-E0AF-476A-8FD5-6D783755A0BA}.Ad-Hoc|iPhoneSimulator.Build.0 = Release|Any CPU
		{4ADB44E6-E0AF-476A-8FD5-6D783755A0BA}.Ad-Hoc|x64.ActiveCfg = Release|Any CPU
		{4ADB44E6-E0AF-476A-8FD5-6D783755A0BA}.Ad-Hoc|x64.Build.0 = Release|Any CPU
		{4ADB44E6-E0AF-476A-8FD5-6D783755A0BA}.Ad-Hoc|x86.ActiveCfg = Release|Any CPU
		{4ADB44E6-E0AF-476A-8FD5-6D783755A0BA}.Ad-Hoc|x86.Build.0 = Release|Any CPU
		{4ADB44E6-E0AF-476A-8FD5-6D783755A0BA}.AppStore|Any CPU.ActiveCfg = Release|Any CPU
		{4ADB44E6-E0AF-476A-8FD5-6D783755A0BA}.AppStore|Any CPU.Build.0 = Release|Any CPU
		{4ADB44E6-E0AF-476A-8FD5-6D783755A0BA}.AppStore|ARM.ActiveCfg = Release|Any CPU
		{4ADB44E6-E0AF-476A-8FD5-6D783755A0BA}.AppStore|ARM.Build.0 = Release|Any CPU
		{4ADB44E6-E0AF-476A-8FD5-6D783755A0BA}.AppStore|iPhone.ActiveCfg = Release|Any CPU
		{4ADB44E6-E0AF-476A-8FD5-6D783755A0BA}.AppStore|iPhone.Build.0 = Release|Any CPU
		{4ADB44E6-E0AF-476A-8FD5-6D783755A0BA}.AppStore|iPhoneSimulator.ActiveCfg = Release|Any CPU
		{4ADB44E6-E0AF-476A-8FD5-6D783755A0BA}.AppStore|iPhoneSimulator.Build.0 = Release|Any CPU
		{4ADB44E6-E0AF-476A-8FD5-6D783755A0BA}.AppStore|x64.ActiveCfg = Release|Any CPU
		{4ADB44E6-E0AF-476A-8FD5-6D783755A0BA}.AppStore|x64.Build.0 = Release|Any CPU
		{4ADB44E6-E0AF-476A-8FD5-6D783755A0BA}.AppStore|x86.ActiveCfg = Release|Any CPU
		{4ADB44E6-E0AF-476A-8FD5-6D783755A0BA}.AppStore|x86.Build.0 = Release|Any CPU
		{4ADB44E6-E0AF-476A-8FD5-6D783755A0BA}.Debug|Any CPU.ActiveCfg = Debug|Any CPU
		{4ADB44E6-E0AF-476A-8FD5-6D783755A0BA}.Debug|Any CPU.Build.0 = Debug|Any CPU
		{4ADB44E6-E0AF-476A-8FD5-6D783755A0BA}.Debug|ARM.ActiveCfg = Debug|Any CPU
		{4ADB44E6-E0AF-476A-8FD5-6D783755A0BA}.Debug|ARM.Build.0 = Debug|Any CPU
		{4ADB44E6-E0AF-476A-8FD5-6D783755A0BA}.Debug|iPhone.ActiveCfg = Debug|Any CPU
		{4ADB44E6-E0AF-476A-8FD5-6D783755A0BA}.Debug|iPhone.Build.0 = Debug|Any CPU
		{4ADB44E6-E0AF-476A-8FD5-6D783755A0BA}.Debug|iPhoneSimulator.ActiveCfg = Debug|Any CPU
		{4ADB44E6-E0AF-476A-8FD5-6D783755A0BA}.Debug|iPhoneSimulator.Build.0 = Debug|Any CPU
		{4ADB44E6-E0AF-476A-8FD5-6D783755A0BA}.Debug|x64.ActiveCfg = Debug|Any CPU
		{4ADB44E6-E0AF-476A-8FD5-6D783755A0BA}.Debug|x64.Build.0 = Debug|Any CPU
		{4ADB44E6-E0AF-476A-8FD5-6D783755A0BA}.Debug|x86.ActiveCfg = Debug|Any CPU
		{4ADB44E6-E0AF-476A-8FD5-6D783755A0BA}.Debug|x86.Build.0 = Debug|Any CPU
		{4ADB44E6-E0AF-476A-8FD5-6D783755A0BA}.Release|Any CPU.ActiveCfg = Release|Any CPU
		{4ADB44E6-E0AF-476A-8FD5-6D783755A0BA}.Release|Any CPU.Build.0 = Release|Any CPU
		{4ADB44E6-E0AF-476A-8FD5-6D783755A0BA}.Release|ARM.ActiveCfg = Release|Any CPU
		{4ADB44E6-E0AF-476A-8FD5-6D783755A0BA}.Release|ARM.Build.0 = Release|Any CPU
		{4ADB44E6-E0AF-476A-8FD5-6D783755A0BA}.Release|iPhone.ActiveCfg = Release|Any CPU
		{4ADB44E6-E0AF-476A-8FD5-6D783755A0BA}.Release|iPhone.Build.0 = Release|Any CPU
		{4ADB44E6-E0AF-476A-8FD5-6D783755A0BA}.Release|iPhoneSimulator.ActiveCfg = Release|Any CPU
		{4ADB44E6-E0AF-476A-8FD5-6D783755A0BA}.Release|iPhoneSimulator.Build.0 = Release|Any CPU
		{4ADB44E6-E0AF-476A-8FD5-6D783755A0BA}.Release|x64.ActiveCfg = Release|Any CPU
		{4ADB44E6-E0AF-476A-8FD5-6D783755A0BA}.Release|x64.Build.0 = Release|Any CPU
		{4ADB44E6-E0AF-476A-8FD5-6D783755A0BA}.Release|x86.ActiveCfg = Release|Any CPU
		{4ADB44E6-E0AF-476A-8FD5-6D783755A0BA}.Release|x86.Build.0 = Release|Any CPU
		{AE6A96CD-F5F6-438A-99A6-19DB927A1705}.Ad-Hoc|Any CPU.ActiveCfg = Release|Any CPU
		{AE6A96CD-F5F6-438A-99A6-19DB927A1705}.Ad-Hoc|Any CPU.Build.0 = Release|Any CPU
		{AE6A96CD-F5F6-438A-99A6-19DB927A1705}.Ad-Hoc|Any CPU.Deploy.0 = Release|Any CPU
		{AE6A96CD-F5F6-438A-99A6-19DB927A1705}.Ad-Hoc|ARM.ActiveCfg = Release|Any CPU
		{AE6A96CD-F5F6-438A-99A6-19DB927A1705}.Ad-Hoc|ARM.Build.0 = Release|Any CPU
		{AE6A96CD-F5F6-438A-99A6-19DB927A1705}.Ad-Hoc|ARM.Deploy.0 = Release|Any CPU
		{AE6A96CD-F5F6-438A-99A6-19DB927A1705}.Ad-Hoc|iPhone.ActiveCfg = Release|Any CPU
		{AE6A96CD-F5F6-438A-99A6-19DB927A1705}.Ad-Hoc|iPhone.Build.0 = Release|Any CPU
		{AE6A96CD-F5F6-438A-99A6-19DB927A1705}.Ad-Hoc|iPhone.Deploy.0 = Release|Any CPU
		{AE6A96CD-F5F6-438A-99A6-19DB927A1705}.Ad-Hoc|iPhoneSimulator.ActiveCfg = Release|Any CPU
		{AE6A96CD-F5F6-438A-99A6-19DB927A1705}.Ad-Hoc|iPhoneSimulator.Build.0 = Release|Any CPU
		{AE6A96CD-F5F6-438A-99A6-19DB927A1705}.Ad-Hoc|iPhoneSimulator.Deploy.0 = Release|Any CPU
		{AE6A96CD-F5F6-438A-99A6-19DB927A1705}.Ad-Hoc|x64.ActiveCfg = Release|Any CPU
		{AE6A96CD-F5F6-438A-99A6-19DB927A1705}.Ad-Hoc|x64.Build.0 = Release|Any CPU
		{AE6A96CD-F5F6-438A-99A6-19DB927A1705}.Ad-Hoc|x64.Deploy.0 = Release|Any CPU
		{AE6A96CD-F5F6-438A-99A6-19DB927A1705}.Ad-Hoc|x86.ActiveCfg = Release|Any CPU
		{AE6A96CD-F5F6-438A-99A6-19DB927A1705}.Ad-Hoc|x86.Build.0 = Release|Any CPU
		{AE6A96CD-F5F6-438A-99A6-19DB927A1705}.Ad-Hoc|x86.Deploy.0 = Release|Any CPU
		{AE6A96CD-F5F6-438A-99A6-19DB927A1705}.AppStore|Any CPU.ActiveCfg = Release|Any CPU
		{AE6A96CD-F5F6-438A-99A6-19DB927A1705}.AppStore|Any CPU.Build.0 = Release|Any CPU
		{AE6A96CD-F5F6-438A-99A6-19DB927A1705}.AppStore|Any CPU.Deploy.0 = Release|Any CPU
		{AE6A96CD-F5F6-438A-99A6-19DB927A1705}.AppStore|ARM.ActiveCfg = Release|Any CPU
		{AE6A96CD-F5F6-438A-99A6-19DB927A1705}.AppStore|ARM.Build.0 = Release|Any CPU
		{AE6A96CD-F5F6-438A-99A6-19DB927A1705}.AppStore|ARM.Deploy.0 = Release|Any CPU
		{AE6A96CD-F5F6-438A-99A6-19DB927A1705}.AppStore|iPhone.ActiveCfg = Release|Any CPU
		{AE6A96CD-F5F6-438A-99A6-19DB927A1705}.AppStore|iPhone.Build.0 = Release|Any CPU
		{AE6A96CD-F5F6-438A-99A6-19DB927A1705}.AppStore|iPhone.Deploy.0 = Release|Any CPU
		{AE6A96CD-F5F6-438A-99A6-19DB927A1705}.AppStore|iPhoneSimulator.ActiveCfg = Release|Any CPU
		{AE6A96CD-F5F6-438A-99A6-19DB927A1705}.AppStore|iPhoneSimulator.Build.0 = Release|Any CPU
		{AE6A96CD-F5F6-438A-99A6-19DB927A1705}.AppStore|iPhoneSimulator.Deploy.0 = Release|Any CPU
		{AE6A96CD-F5F6-438A-99A6-19DB927A1705}.AppStore|x64.ActiveCfg = Release|Any CPU
		{AE6A96CD-F5F6-438A-99A6-19DB927A1705}.AppStore|x64.Build.0 = Release|Any CPU
		{AE6A96CD-F5F6-438A-99A6-19DB927A1705}.AppStore|x64.Deploy.0 = Release|Any CPU
		{AE6A96CD-F5F6-438A-99A6-19DB927A1705}.AppStore|x86.ActiveCfg = Release|Any CPU
		{AE6A96CD-F5F6-438A-99A6-19DB927A1705}.AppStore|x86.Build.0 = Release|Any CPU
		{AE6A96CD-F5F6-438A-99A6-19DB927A1705}.AppStore|x86.Deploy.0 = Release|Any CPU
		{AE6A96CD-F5F6-438A-99A6-19DB927A1705}.Debug|Any CPU.ActiveCfg = Debug|Any CPU
		{AE6A96CD-F5F6-438A-99A6-19DB927A1705}.Debug|Any CPU.Build.0 = Debug|Any CPU
		{AE6A96CD-F5F6-438A-99A6-19DB927A1705}.Debug|Any CPU.Deploy.0 = Debug|Any CPU
		{AE6A96CD-F5F6-438A-99A6-19DB927A1705}.Debug|ARM.ActiveCfg = Debug|Any CPU
		{AE6A96CD-F5F6-438A-99A6-19DB927A1705}.Debug|ARM.Build.0 = Debug|Any CPU
		{AE6A96CD-F5F6-438A-99A6-19DB927A1705}.Debug|ARM.Deploy.0 = Debug|Any CPU
		{AE6A96CD-F5F6-438A-99A6-19DB927A1705}.Debug|iPhone.ActiveCfg = Debug|Any CPU
		{AE6A96CD-F5F6-438A-99A6-19DB927A1705}.Debug|iPhone.Build.0 = Debug|Any CPU
		{AE6A96CD-F5F6-438A-99A6-19DB927A1705}.Debug|iPhone.Deploy.0 = Debug|Any CPU
		{AE6A96CD-F5F6-438A-99A6-19DB927A1705}.Debug|iPhoneSimulator.ActiveCfg = Debug|Any CPU
		{AE6A96CD-F5F6-438A-99A6-19DB927A1705}.Debug|iPhoneSimulator.Build.0 = Debug|Any CPU
		{AE6A96CD-F5F6-438A-99A6-19DB927A1705}.Debug|iPhoneSimulator.Deploy.0 = Debug|Any CPU
		{AE6A96CD-F5F6-438A-99A6-19DB927A1705}.Debug|x64.ActiveCfg = Debug|Any CPU
		{AE6A96CD-F5F6-438A-99A6-19DB927A1705}.Debug|x64.Build.0 = Debug|Any CPU
		{AE6A96CD-F5F6-438A-99A6-19DB927A1705}.Debug|x64.Deploy.0 = Debug|Any CPU
		{AE6A96CD-F5F6-438A-99A6-19DB927A1705}.Debug|x86.ActiveCfg = Debug|Any CPU
		{AE6A96CD-F5F6-438A-99A6-19DB927A1705}.Debug|x86.Build.0 = Debug|Any CPU
		{AE6A96CD-F5F6-438A-99A6-19DB927A1705}.Debug|x86.Deploy.0 = Debug|Any CPU
		{AE6A96CD-F5F6-438A-99A6-19DB927A1705}.Release|Any CPU.ActiveCfg = Release|Any CPU
		{AE6A96CD-F5F6-438A-99A6-19DB927A1705}.Release|Any CPU.Build.0 = Release|Any CPU
		{AE6A96CD-F5F6-438A-99A6-19DB927A1705}.Release|Any CPU.Deploy.0 = Release|Any CPU
		{AE6A96CD-F5F6-438A-99A6-19DB927A1705}.Release|ARM.ActiveCfg = Release|Any CPU
		{AE6A96CD-F5F6-438A-99A6-19DB927A1705}.Release|ARM.Build.0 = Release|Any CPU
		{AE6A96CD-F5F6-438A-99A6-19DB927A1705}.Release|ARM.Deploy.0 = Release|Any CPU
		{AE6A96CD-F5F6-438A-99A6-19DB927A1705}.Release|iPhone.ActiveCfg = Release|Any CPU
		{AE6A96CD-F5F6-438A-99A6-19DB927A1705}.Release|iPhone.Build.0 = Release|Any CPU
		{AE6A96CD-F5F6-438A-99A6-19DB927A1705}.Release|iPhone.Deploy.0 = Release|Any CPU
		{AE6A96CD-F5F6-438A-99A6-19DB927A1705}.Release|iPhoneSimulator.ActiveCfg = Release|Any CPU
		{AE6A96CD-F5F6-438A-99A6-19DB927A1705}.Release|iPhoneSimulator.Build.0 = Release|Any CPU
		{AE6A96CD-F5F6-438A-99A6-19DB927A1705}.Release|iPhoneSimulator.Deploy.0 = Release|Any CPU
		{AE6A96CD-F5F6-438A-99A6-19DB927A1705}.Release|x64.ActiveCfg = Release|Any CPU
		{AE6A96CD-F5F6-438A-99A6-19DB927A1705}.Release|x64.Build.0 = Release|Any CPU
		{AE6A96CD-F5F6-438A-99A6-19DB927A1705}.Release|x64.Deploy.0 = Release|Any CPU
		{AE6A96CD-F5F6-438A-99A6-19DB927A1705}.Release|x86.ActiveCfg = Release|Any CPU
		{AE6A96CD-F5F6-438A-99A6-19DB927A1705}.Release|x86.Build.0 = Release|Any CPU
		{AE6A96CD-F5F6-438A-99A6-19DB927A1705}.Release|x86.Deploy.0 = Release|Any CPU
		{9D73AF16-3BA8-4734-9226-4ECEE62E4F82}.Ad-Hoc|Any CPU.ActiveCfg = Ad-Hoc|iPhone
		{9D73AF16-3BA8-4734-9226-4ECEE62E4F82}.Ad-Hoc|ARM.ActiveCfg = Ad-Hoc|iPhone
		{9D73AF16-3BA8-4734-9226-4ECEE62E4F82}.Ad-Hoc|iPhone.ActiveCfg = Ad-Hoc|iPhone
		{9D73AF16-3BA8-4734-9226-4ECEE62E4F82}.Ad-Hoc|iPhone.Build.0 = Ad-Hoc|iPhone
		{9D73AF16-3BA8-4734-9226-4ECEE62E4F82}.Ad-Hoc|iPhoneSimulator.ActiveCfg = Ad-Hoc|iPhoneSimulator
		{9D73AF16-3BA8-4734-9226-4ECEE62E4F82}.Ad-Hoc|iPhoneSimulator.Build.0 = Ad-Hoc|iPhoneSimulator
		{9D73AF16-3BA8-4734-9226-4ECEE62E4F82}.Ad-Hoc|x64.ActiveCfg = Ad-Hoc|iPhone
		{9D73AF16-3BA8-4734-9226-4ECEE62E4F82}.Ad-Hoc|x86.ActiveCfg = Ad-Hoc|iPhone
		{9D73AF16-3BA8-4734-9226-4ECEE62E4F82}.AppStore|Any CPU.ActiveCfg = AppStore|iPhone
		{9D73AF16-3BA8-4734-9226-4ECEE62E4F82}.AppStore|ARM.ActiveCfg = AppStore|iPhone
		{9D73AF16-3BA8-4734-9226-4ECEE62E4F82}.AppStore|iPhone.ActiveCfg = AppStore|iPhone
		{9D73AF16-3BA8-4734-9226-4ECEE62E4F82}.AppStore|iPhone.Build.0 = AppStore|iPhone
		{9D73AF16-3BA8-4734-9226-4ECEE62E4F82}.AppStore|iPhoneSimulator.ActiveCfg = AppStore|iPhoneSimulator
		{9D73AF16-3BA8-4734-9226-4ECEE62E4F82}.AppStore|iPhoneSimulator.Build.0 = AppStore|iPhoneSimulator
		{9D73AF16-3BA8-4734-9226-4ECEE62E4F82}.AppStore|x64.ActiveCfg = AppStore|iPhone
		{9D73AF16-3BA8-4734-9226-4ECEE62E4F82}.AppStore|x86.ActiveCfg = AppStore|iPhone
		{9D73AF16-3BA8-4734-9226-4ECEE62E4F82}.Debug|Any CPU.ActiveCfg = Debug|iPhone
		{9D73AF16-3BA8-4734-9226-4ECEE62E4F82}.Debug|ARM.ActiveCfg = Debug|iPhone
		{9D73AF16-3BA8-4734-9226-4ECEE62E4F82}.Debug|iPhone.ActiveCfg = Debug|iPhone
		{9D73AF16-3BA8-4734-9226-4ECEE62E4F82}.Debug|iPhone.Build.0 = Debug|iPhone
		{9D73AF16-3BA8-4734-9226-4ECEE62E4F82}.Debug|iPhoneSimulator.ActiveCfg = Debug|iPhoneSimulator
		{9D73AF16-3BA8-4734-9226-4ECEE62E4F82}.Debug|iPhoneSimulator.Build.0 = Debug|iPhoneSimulator
		{9D73AF16-3BA8-4734-9226-4ECEE62E4F82}.Debug|x64.ActiveCfg = Debug|iPhone
		{9D73AF16-3BA8-4734-9226-4ECEE62E4F82}.Debug|x86.ActiveCfg = Debug|iPhone
		{9D73AF16-3BA8-4734-9226-4ECEE62E4F82}.Release|Any CPU.ActiveCfg = Release|iPhone
		{9D73AF16-3BA8-4734-9226-4ECEE62E4F82}.Release|ARM.ActiveCfg = Release|iPhone
		{9D73AF16-3BA8-4734-9226-4ECEE62E4F82}.Release|iPhone.ActiveCfg = Release|iPhone
		{9D73AF16-3BA8-4734-9226-4ECEE62E4F82}.Release|iPhone.Build.0 = Release|iPhone
		{9D73AF16-3BA8-4734-9226-4ECEE62E4F82}.Release|iPhoneSimulator.ActiveCfg = Release|iPhoneSimulator
		{9D73AF16-3BA8-4734-9226-4ECEE62E4F82}.Release|iPhoneSimulator.Build.0 = Release|iPhoneSimulator
		{9D73AF16-3BA8-4734-9226-4ECEE62E4F82}.Release|x64.ActiveCfg = Release|iPhone
		{9D73AF16-3BA8-4734-9226-4ECEE62E4F82}.Release|x86.ActiveCfg = Release|iPhone
		{953FB839-805D-4F20-B016-32363EB59BA2}.Ad-Hoc|Any CPU.ActiveCfg = Release|Any CPU
		{953FB839-805D-4F20-B016-32363EB59BA2}.Ad-Hoc|Any CPU.Build.0 = Release|Any CPU
		{953FB839-805D-4F20-B016-32363EB59BA2}.Ad-Hoc|Any CPU.Deploy.0 = Release|Any CPU
		{953FB839-805D-4F20-B016-32363EB59BA2}.Ad-Hoc|ARM.ActiveCfg = Release|ARM
		{953FB839-805D-4F20-B016-32363EB59BA2}.Ad-Hoc|ARM.Build.0 = Release|ARM
		{953FB839-805D-4F20-B016-32363EB59BA2}.Ad-Hoc|ARM.Deploy.0 = Release|ARM
		{953FB839-805D-4F20-B016-32363EB59BA2}.Ad-Hoc|iPhone.ActiveCfg = Release|Any CPU
		{953FB839-805D-4F20-B016-32363EB59BA2}.Ad-Hoc|iPhone.Build.0 = Release|Any CPU
		{953FB839-805D-4F20-B016-32363EB59BA2}.Ad-Hoc|iPhone.Deploy.0 = Release|Any CPU
		{953FB839-805D-4F20-B016-32363EB59BA2}.Ad-Hoc|iPhoneSimulator.ActiveCfg = Release|Any CPU
		{953FB839-805D-4F20-B016-32363EB59BA2}.Ad-Hoc|iPhoneSimulator.Build.0 = Release|Any CPU
		{953FB839-805D-4F20-B016-32363EB59BA2}.Ad-Hoc|iPhoneSimulator.Deploy.0 = Release|Any CPU
		{953FB839-805D-4F20-B016-32363EB59BA2}.Ad-Hoc|x64.ActiveCfg = Release|Any CPU
		{953FB839-805D-4F20-B016-32363EB59BA2}.Ad-Hoc|x64.Build.0 = Release|Any CPU
		{953FB839-805D-4F20-B016-32363EB59BA2}.Ad-Hoc|x64.Deploy.0 = Release|Any CPU
		{953FB839-805D-4F20-B016-32363EB59BA2}.Ad-Hoc|x86.ActiveCfg = Release|x86
		{953FB839-805D-4F20-B016-32363EB59BA2}.Ad-Hoc|x86.Build.0 = Release|x86
		{953FB839-805D-4F20-B016-32363EB59BA2}.Ad-Hoc|x86.Deploy.0 = Release|x86
		{953FB839-805D-4F20-B016-32363EB59BA2}.AppStore|Any CPU.ActiveCfg = Release|Any CPU
		{953FB839-805D-4F20-B016-32363EB59BA2}.AppStore|Any CPU.Build.0 = Release|Any CPU
		{953FB839-805D-4F20-B016-32363EB59BA2}.AppStore|Any CPU.Deploy.0 = Release|Any CPU
		{953FB839-805D-4F20-B016-32363EB59BA2}.AppStore|ARM.ActiveCfg = Release|ARM
		{953FB839-805D-4F20-B016-32363EB59BA2}.AppStore|ARM.Build.0 = Release|ARM
		{953FB839-805D-4F20-B016-32363EB59BA2}.AppStore|ARM.Deploy.0 = Release|ARM
		{953FB839-805D-4F20-B016-32363EB59BA2}.AppStore|iPhone.ActiveCfg = Release|Any CPU
		{953FB839-805D-4F20-B016-32363EB59BA2}.AppStore|iPhone.Build.0 = Release|Any CPU
		{953FB839-805D-4F20-B016-32363EB59BA2}.AppStore|iPhone.Deploy.0 = Release|Any CPU
		{953FB839-805D-4F20-B016-32363EB59BA2}.AppStore|iPhoneSimulator.ActiveCfg = Release|Any CPU
		{953FB839-805D-4F20-B016-32363EB59BA2}.AppStore|iPhoneSimulator.Build.0 = Release|Any CPU
		{953FB839-805D-4F20-B016-32363EB59BA2}.AppStore|iPhoneSimulator.Deploy.0 = Release|Any CPU
		{953FB839-805D-4F20-B016-32363EB59BA2}.AppStore|x64.ActiveCfg = Release|Any CPU
		{953FB839-805D-4F20-B016-32363EB59BA2}.AppStore|x64.Build.0 = Release|Any CPU
		{953FB839-805D-4F20-B016-32363EB59BA2}.AppStore|x64.Deploy.0 = Release|Any CPU
		{953FB839-805D-4F20-B016-32363EB59BA2}.AppStore|x86.ActiveCfg = Release|x86
		{953FB839-805D-4F20-B016-32363EB59BA2}.AppStore|x86.Build.0 = Release|x86
		{953FB839-805D-4F20-B016-32363EB59BA2}.AppStore|x86.Deploy.0 = Release|x86
		{953FB839-805D-4F20-B016-32363EB59BA2}.Debug|Any CPU.ActiveCfg = Debug|Any CPU
		{953FB839-805D-4F20-B016-32363EB59BA2}.Debug|Any CPU.Build.0 = Debug|Any CPU
		{953FB839-805D-4F20-B016-32363EB59BA2}.Debug|Any CPU.Deploy.0 = Debug|Any CPU
		{953FB839-805D-4F20-B016-32363EB59BA2}.Debug|ARM.ActiveCfg = Debug|ARM
		{953FB839-805D-4F20-B016-32363EB59BA2}.Debug|ARM.Build.0 = Debug|ARM
		{953FB839-805D-4F20-B016-32363EB59BA2}.Debug|ARM.Deploy.0 = Debug|ARM
		{953FB839-805D-4F20-B016-32363EB59BA2}.Debug|iPhone.ActiveCfg = Debug|Any CPU
		{953FB839-805D-4F20-B016-32363EB59BA2}.Debug|iPhone.Build.0 = Debug|Any CPU
		{953FB839-805D-4F20-B016-32363EB59BA2}.Debug|iPhone.Deploy.0 = Debug|Any CPU
		{953FB839-805D-4F20-B016-32363EB59BA2}.Debug|iPhoneSimulator.ActiveCfg = Debug|Any CPU
		{953FB839-805D-4F20-B016-32363EB59BA2}.Debug|iPhoneSimulator.Build.0 = Debug|Any CPU
		{953FB839-805D-4F20-B016-32363EB59BA2}.Debug|iPhoneSimulator.Deploy.0 = Debug|Any CPU
		{953FB839-805D-4F20-B016-32363EB59BA2}.Debug|x64.ActiveCfg = Debug|Any CPU
		{953FB839-805D-4F20-B016-32363EB59BA2}.Debug|x64.Build.0 = Debug|Any CPU
		{953FB839-805D-4F20-B016-32363EB59BA2}.Debug|x64.Deploy.0 = Debug|Any CPU
		{953FB839-805D-4F20-B016-32363EB59BA2}.Debug|x86.ActiveCfg = Debug|x86
		{953FB839-805D-4F20-B016-32363EB59BA2}.Debug|x86.Build.0 = Debug|x86
		{953FB839-805D-4F20-B016-32363EB59BA2}.Debug|x86.Deploy.0 = Debug|x86
		{953FB839-805D-4F20-B016-32363EB59BA2}.Release|Any CPU.ActiveCfg = Release|Any CPU
		{953FB839-805D-4F20-B016-32363EB59BA2}.Release|Any CPU.Build.0 = Release|Any CPU
		{953FB839-805D-4F20-B016-32363EB59BA2}.Release|Any CPU.Deploy.0 = Release|Any CPU
		{953FB839-805D-4F20-B016-32363EB59BA2}.Release|ARM.ActiveCfg = Release|ARM
		{953FB839-805D-4F20-B016-32363EB59BA2}.Release|ARM.Build.0 = Release|ARM
		{953FB839-805D-4F20-B016-32363EB59BA2}.Release|ARM.Deploy.0 = Release|ARM
		{953FB839-805D-4F20-B016-32363EB59BA2}.Release|iPhone.ActiveCfg = Release|Any CPU
		{953FB839-805D-4F20-B016-32363EB59BA2}.Release|iPhone.Build.0 = Release|Any CPU
		{953FB839-805D-4F20-B016-32363EB59BA2}.Release|iPhone.Deploy.0 = Release|Any CPU
		{953FB839-805D-4F20-B016-32363EB59BA2}.Release|iPhoneSimulator.ActiveCfg = Release|Any CPU
		{953FB839-805D-4F20-B016-32363EB59BA2}.Release|iPhoneSimulator.Build.0 = Release|Any CPU
		{953FB839-805D-4F20-B016-32363EB59BA2}.Release|iPhoneSimulator.Deploy.0 = Release|Any CPU
		{953FB839-805D-4F20-B016-32363EB59BA2}.Release|x64.ActiveCfg = Release|Any CPU
		{953FB839-805D-4F20-B016-32363EB59BA2}.Release|x64.Build.0 = Release|Any CPU
		{953FB839-805D-4F20-B016-32363EB59BA2}.Release|x64.Deploy.0 = Release|Any CPU
		{953FB839-805D-4F20-B016-32363EB59BA2}.Release|x86.ActiveCfg = Release|x86
		{953FB839-805D-4F20-B016-32363EB59BA2}.Release|x86.Build.0 = Release|x86
		{953FB839-805D-4F20-B016-32363EB59BA2}.Release|x86.Deploy.0 = Release|x86
		{68F16080-4C89-49E5-9AB0-D034776F9166}.Ad-Hoc|Any CPU.ActiveCfg = Release|x86
		{68F16080-4C89-49E5-9AB0-D034776F9166}.Ad-Hoc|Any CPU.Build.0 = Release|x86
		{68F16080-4C89-49E5-9AB0-D034776F9166}.Ad-Hoc|Any CPU.Deploy.0 = Release|x86
		{68F16080-4C89-49E5-9AB0-D034776F9166}.Ad-Hoc|ARM.ActiveCfg = Release|ARM
		{68F16080-4C89-49E5-9AB0-D034776F9166}.Ad-Hoc|ARM.Build.0 = Release|ARM
		{68F16080-4C89-49E5-9AB0-D034776F9166}.Ad-Hoc|ARM.Deploy.0 = Release|ARM
		{68F16080-4C89-49E5-9AB0-D034776F9166}.Ad-Hoc|iPhone.ActiveCfg = Release|x86
		{68F16080-4C89-49E5-9AB0-D034776F9166}.Ad-Hoc|iPhone.Build.0 = Release|x86
		{68F16080-4C89-49E5-9AB0-D034776F9166}.Ad-Hoc|iPhone.Deploy.0 = Release|x86
		{68F16080-4C89-49E5-9AB0-D034776F9166}.Ad-Hoc|iPhoneSimulator.ActiveCfg = Release|x86
		{68F16080-4C89-49E5-9AB0-D034776F9166}.Ad-Hoc|iPhoneSimulator.Build.0 = Release|x86
		{68F16080-4C89-49E5-9AB0-D034776F9166}.Ad-Hoc|iPhoneSimulator.Deploy.0 = Release|x86
		{68F16080-4C89-49E5-9AB0-D034776F9166}.Ad-Hoc|x64.ActiveCfg = Release|x64
		{68F16080-4C89-49E5-9AB0-D034776F9166}.Ad-Hoc|x64.Build.0 = Release|x64
		{68F16080-4C89-49E5-9AB0-D034776F9166}.Ad-Hoc|x64.Deploy.0 = Release|x64
		{68F16080-4C89-49E5-9AB0-D034776F9166}.Ad-Hoc|x86.ActiveCfg = Release|x86
		{68F16080-4C89-49E5-9AB0-D034776F9166}.Ad-Hoc|x86.Build.0 = Release|x86
		{68F16080-4C89-49E5-9AB0-D034776F9166}.Ad-Hoc|x86.Deploy.0 = Release|x86
		{68F16080-4C89-49E5-9AB0-D034776F9166}.AppStore|Any CPU.ActiveCfg = Release|x86
		{68F16080-4C89-49E5-9AB0-D034776F9166}.AppStore|Any CPU.Build.0 = Release|x86
		{68F16080-4C89-49E5-9AB0-D034776F9166}.AppStore|Any CPU.Deploy.0 = Release|x86
		{68F16080-4C89-49E5-9AB0-D034776F9166}.AppStore|ARM.ActiveCfg = Release|ARM
		{68F16080-4C89-49E5-9AB0-D034776F9166}.AppStore|ARM.Build.0 = Release|ARM
		{68F16080-4C89-49E5-9AB0-D034776F9166}.AppStore|ARM.Deploy.0 = Release|ARM
		{68F16080-4C89-49E5-9AB0-D034776F9166}.AppStore|iPhone.ActiveCfg = Release|x86
		{68F16080-4C89-49E5-9AB0-D034776F9166}.AppStore|iPhone.Build.0 = Release|x86
		{68F16080-4C89-49E5-9AB0-D034776F9166}.AppStore|iPhone.Deploy.0 = Release|x86
		{68F16080-4C89-49E5-9AB0-D034776F9166}.AppStore|iPhoneSimulator.ActiveCfg = Release|x86
		{68F16080-4C89-49E5-9AB0-D034776F9166}.AppStore|iPhoneSimulator.Build.0 = Release|x86
		{68F16080-4C89-49E5-9AB0-D034776F9166}.AppStore|iPhoneSimulator.Deploy.0 = Release|x86
		{68F16080-4C89-49E5-9AB0-D034776F9166}.AppStore|x64.ActiveCfg = Release|x64
		{68F16080-4C89-49E5-9AB0-D034776F9166}.AppStore|x64.Build.0 = Release|x64
		{68F16080-4C89-49E5-9AB0-D034776F9166}.AppStore|x64.Deploy.0 = Release|x64
		{68F16080-4C89-49E5-9AB0-D034776F9166}.AppStore|x86.ActiveCfg = Release|x86
		{68F16080-4C89-49E5-9AB0-D034776F9166}.AppStore|x86.Build.0 = Release|x86
		{68F16080-4C89-49E5-9AB0-D034776F9166}.AppStore|x86.Deploy.0 = Release|x86
		{68F16080-4C89-49E5-9AB0-D034776F9166}.Debug|Any CPU.ActiveCfg = Debug|x86
		{68F16080-4C89-49E5-9AB0-D034776F9166}.Debug|ARM.ActiveCfg = Debug|ARM
		{68F16080-4C89-49E5-9AB0-D034776F9166}.Debug|ARM.Build.0 = Debug|ARM
		{68F16080-4C89-49E5-9AB0-D034776F9166}.Debug|ARM.Deploy.0 = Debug|ARM
		{68F16080-4C89-49E5-9AB0-D034776F9166}.Debug|iPhone.ActiveCfg = Debug|x86
		{68F16080-4C89-49E5-9AB0-D034776F9166}.Debug|iPhoneSimulator.ActiveCfg = Debug|x86
		{68F16080-4C89-49E5-9AB0-D034776F9166}.Debug|x64.ActiveCfg = Debug|x64
		{68F16080-4C89-49E5-9AB0-D034776F9166}.Debug|x64.Build.0 = Debug|x64
		{68F16080-4C89-49E5-9AB0-D034776F9166}.Debug|x64.Deploy.0 = Debug|x64
		{68F16080-4C89-49E5-9AB0-D034776F9166}.Debug|x86.ActiveCfg = Debug|x86
		{68F16080-4C89-49E5-9AB0-D034776F9166}.Debug|x86.Build.0 = Debug|x86
		{68F16080-4C89-49E5-9AB0-D034776F9166}.Debug|x86.Deploy.0 = Debug|x86
		{68F16080-4C89-49E5-9AB0-D034776F9166}.Release|Any CPU.ActiveCfg = Release|x86
		{68F16080-4C89-49E5-9AB0-D034776F9166}.Release|ARM.ActiveCfg = Release|ARM
		{68F16080-4C89-49E5-9AB0-D034776F9166}.Release|ARM.Build.0 = Release|ARM
		{68F16080-4C89-49E5-9AB0-D034776F9166}.Release|ARM.Deploy.0 = Release|ARM
		{68F16080-4C89-49E5-9AB0-D034776F9166}.Release|iPhone.ActiveCfg = Release|x86
		{68F16080-4C89-49E5-9AB0-D034776F9166}.Release|iPhoneSimulator.ActiveCfg = Release|x86
		{68F16080-4C89-49E5-9AB0-D034776F9166}.Release|x64.ActiveCfg = Release|x64
		{68F16080-4C89-49E5-9AB0-D034776F9166}.Release|x64.Build.0 = Release|x64
		{68F16080-4C89-49E5-9AB0-D034776F9166}.Release|x64.Deploy.0 = Release|x64
		{68F16080-4C89-49E5-9AB0-D034776F9166}.Release|x86.ActiveCfg = Release|x86
		{68F16080-4C89-49E5-9AB0-D034776F9166}.Release|x86.Build.0 = Release|x86
		{68F16080-4C89-49E5-9AB0-D034776F9166}.Release|x86.Deploy.0 = Release|x86
		{23A975A6-E33B-4E40-BC0D-1D333EF9EBB8}.Ad-Hoc|Any CPU.ActiveCfg = Release|Any CPU
		{23A975A6-E33B-4E40-BC0D-1D333EF9EBB8}.Ad-Hoc|Any CPU.Build.0 = Release|Any CPU
		{23A975A6-E33B-4E40-BC0D-1D333EF9EBB8}.Ad-Hoc|Any CPU.Deploy.0 = Release|Any CPU
		{23A975A6-E33B-4E40-BC0D-1D333EF9EBB8}.Ad-Hoc|ARM.ActiveCfg = Release|ARM
		{23A975A6-E33B-4E40-BC0D-1D333EF9EBB8}.Ad-Hoc|ARM.Build.0 = Release|ARM
		{23A975A6-E33B-4E40-BC0D-1D333EF9EBB8}.Ad-Hoc|ARM.Deploy.0 = Release|ARM
		{23A975A6-E33B-4E40-BC0D-1D333EF9EBB8}.Ad-Hoc|iPhone.ActiveCfg = Release|Any CPU
		{23A975A6-E33B-4E40-BC0D-1D333EF9EBB8}.Ad-Hoc|iPhone.Build.0 = Release|Any CPU
		{23A975A6-E33B-4E40-BC0D-1D333EF9EBB8}.Ad-Hoc|iPhone.Deploy.0 = Release|Any CPU
		{23A975A6-E33B-4E40-BC0D-1D333EF9EBB8}.Ad-Hoc|iPhoneSimulator.ActiveCfg = Release|Any CPU
		{23A975A6-E33B-4E40-BC0D-1D333EF9EBB8}.Ad-Hoc|iPhoneSimulator.Build.0 = Release|Any CPU
		{23A975A6-E33B-4E40-BC0D-1D333EF9EBB8}.Ad-Hoc|iPhoneSimulator.Deploy.0 = Release|Any CPU
		{23A975A6-E33B-4E40-BC0D-1D333EF9EBB8}.Ad-Hoc|x64.ActiveCfg = Release|x64
		{23A975A6-E33B-4E40-BC0D-1D333EF9EBB8}.Ad-Hoc|x64.Build.0 = Release|x64
		{23A975A6-E33B-4E40-BC0D-1D333EF9EBB8}.Ad-Hoc|x64.Deploy.0 = Release|x64
		{23A975A6-E33B-4E40-BC0D-1D333EF9EBB8}.Ad-Hoc|x86.ActiveCfg = Release|x86
		{23A975A6-E33B-4E40-BC0D-1D333EF9EBB8}.Ad-Hoc|x86.Build.0 = Release|x86
		{23A975A6-E33B-4E40-BC0D-1D333EF9EBB8}.Ad-Hoc|x86.Deploy.0 = Release|x86
		{23A975A6-E33B-4E40-BC0D-1D333EF9EBB8}.AppStore|Any CPU.ActiveCfg = Release|Any CPU
		{23A975A6-E33B-4E40-BC0D-1D333EF9EBB8}.AppStore|Any CPU.Build.0 = Release|Any CPU
		{23A975A6-E33B-4E40-BC0D-1D333EF9EBB8}.AppStore|Any CPU.Deploy.0 = Release|Any CPU
		{23A975A6-E33B-4E40-BC0D-1D333EF9EBB8}.AppStore|ARM.ActiveCfg = Release|ARM
		{23A975A6-E33B-4E40-BC0D-1D333EF9EBB8}.AppStore|ARM.Build.0 = Release|ARM
		{23A975A6-E33B-4E40-BC0D-1D333EF9EBB8}.AppStore|ARM.Deploy.0 = Release|ARM
		{23A975A6-E33B-4E40-BC0D-1D333EF9EBB8}.AppStore|iPhone.ActiveCfg = Release|Any CPU
		{23A975A6-E33B-4E40-BC0D-1D333EF9EBB8}.AppStore|iPhone.Build.0 = Release|Any CPU
		{23A975A6-E33B-4E40-BC0D-1D333EF9EBB8}.AppStore|iPhone.Deploy.0 = Release|Any CPU
		{23A975A6-E33B-4E40-BC0D-1D333EF9EBB8}.AppStore|iPhoneSimulator.ActiveCfg = Release|Any CPU
		{23A975A6-E33B-4E40-BC0D-1D333EF9EBB8}.AppStore|iPhoneSimulator.Build.0 = Release|Any CPU
		{23A975A6-E33B-4E40-BC0D-1D333EF9EBB8}.AppStore|iPhoneSimulator.Deploy.0 = Release|Any CPU
		{23A975A6-E33B-4E40-BC0D-1D333EF9EBB8}.AppStore|x64.ActiveCfg = Release|x64
		{23A975A6-E33B-4E40-BC0D-1D333EF9EBB8}.AppStore|x64.Build.0 = Release|x64
		{23A975A6-E33B-4E40-BC0D-1D333EF9EBB8}.AppStore|x64.Deploy.0 = Release|x64
		{23A975A6-E33B-4E40-BC0D-1D333EF9EBB8}.AppStore|x86.ActiveCfg = Release|x86
		{23A975A6-E33B-4E40-BC0D-1D333EF9EBB8}.AppStore|x86.Build.0 = Release|x86
		{23A975A6-E33B-4E40-BC0D-1D333EF9EBB8}.AppStore|x86.Deploy.0 = Release|x86
		{23A975A6-E33B-4E40-BC0D-1D333EF9EBB8}.Debug|Any CPU.ActiveCfg = Debug|Any CPU
		{23A975A6-E33B-4E40-BC0D-1D333EF9EBB8}.Debug|Any CPU.Build.0 = Debug|Any CPU
		{23A975A6-E33B-4E40-BC0D-1D333EF9EBB8}.Debug|Any CPU.Deploy.0 = Debug|Any CPU
		{23A975A6-E33B-4E40-BC0D-1D333EF9EBB8}.Debug|ARM.ActiveCfg = Debug|ARM
		{23A975A6-E33B-4E40-BC0D-1D333EF9EBB8}.Debug|ARM.Build.0 = Debug|ARM
		{23A975A6-E33B-4E40-BC0D-1D333EF9EBB8}.Debug|ARM.Deploy.0 = Debug|ARM
		{23A975A6-E33B-4E40-BC0D-1D333EF9EBB8}.Debug|iPhone.ActiveCfg = Debug|Any CPU
		{23A975A6-E33B-4E40-BC0D-1D333EF9EBB8}.Debug|iPhone.Build.0 = Debug|Any CPU
		{23A975A6-E33B-4E40-BC0D-1D333EF9EBB8}.Debug|iPhone.Deploy.0 = Debug|Any CPU
		{23A975A6-E33B-4E40-BC0D-1D333EF9EBB8}.Debug|iPhoneSimulator.ActiveCfg = Debug|Any CPU
		{23A975A6-E33B-4E40-BC0D-1D333EF9EBB8}.Debug|iPhoneSimulator.Build.0 = Debug|Any CPU
		{23A975A6-E33B-4E40-BC0D-1D333EF9EBB8}.Debug|iPhoneSimulator.Deploy.0 = Debug|Any CPU
		{23A975A6-E33B-4E40-BC0D-1D333EF9EBB8}.Debug|x64.ActiveCfg = Debug|x64
		{23A975A6-E33B-4E40-BC0D-1D333EF9EBB8}.Debug|x64.Build.0 = Debug|x64
		{23A975A6-E33B-4E40-BC0D-1D333EF9EBB8}.Debug|x64.Deploy.0 = Debug|x64
		{23A975A6-E33B-4E40-BC0D-1D333EF9EBB8}.Debug|x86.ActiveCfg = Debug|x86
		{23A975A6-E33B-4E40-BC0D-1D333EF9EBB8}.Debug|x86.Build.0 = Debug|x86
		{23A975A6-E33B-4E40-BC0D-1D333EF9EBB8}.Debug|x86.Deploy.0 = Debug|x86
		{23A975A6-E33B-4E40-BC0D-1D333EF9EBB8}.Release|Any CPU.ActiveCfg = Release|Any CPU
		{23A975A6-E33B-4E40-BC0D-1D333EF9EBB8}.Release|Any CPU.Build.0 = Release|Any CPU
		{23A975A6-E33B-4E40-BC0D-1D333EF9EBB8}.Release|Any CPU.Deploy.0 = Release|Any CPU
		{23A975A6-E33B-4E40-BC0D-1D333EF9EBB8}.Release|ARM.ActiveCfg = Release|ARM
		{23A975A6-E33B-4E40-BC0D-1D333EF9EBB8}.Release|ARM.Build.0 = Release|ARM
		{23A975A6-E33B-4E40-BC0D-1D333EF9EBB8}.Release|ARM.Deploy.0 = Release|ARM
		{23A975A6-E33B-4E40-BC0D-1D333EF9EBB8}.Release|iPhone.ActiveCfg = Release|Any CPU
		{23A975A6-E33B-4E40-BC0D-1D333EF9EBB8}.Release|iPhone.Build.0 = Release|Any CPU
		{23A975A6-E33B-4E40-BC0D-1D333EF9EBB8}.Release|iPhone.Deploy.0 = Release|Any CPU
		{23A975A6-E33B-4E40-BC0D-1D333EF9EBB8}.Release|iPhoneSimulator.ActiveCfg = Release|Any CPU
		{23A975A6-E33B-4E40-BC0D-1D333EF9EBB8}.Release|iPhoneSimulator.Build.0 = Release|Any CPU
		{23A975A6-E33B-4E40-BC0D-1D333EF9EBB8}.Release|iPhoneSimulator.Deploy.0 = Release|Any CPU
		{23A975A6-E33B-4E40-BC0D-1D333EF9EBB8}.Release|x64.ActiveCfg = Release|x64
		{23A975A6-E33B-4E40-BC0D-1D333EF9EBB8}.Release|x64.Build.0 = Release|x64
		{23A975A6-E33B-4E40-BC0D-1D333EF9EBB8}.Release|x64.Deploy.0 = Release|x64
		{23A975A6-E33B-4E40-BC0D-1D333EF9EBB8}.Release|x86.ActiveCfg = Release|x86
		{23A975A6-E33B-4E40-BC0D-1D333EF9EBB8}.Release|x86.Build.0 = Release|x86
		{23A975A6-E33B-4E40-BC0D-1D333EF9EBB8}.Release|x86.Deploy.0 = Release|x86
	EndGlobalSection
	GlobalSection(SolutionProperties) = preSolution
		HideSolutionNode = FALSE
	EndGlobalSection
EndGlobal
